// !$*UTF8*$!
{
	archiveVersion = 1;
	classes = {
	};
	objectVersion = 50;
	objects = {

/* Begin PBXBuildFile section */
		FD22A99F237CE0E9003E2C74 /* EWCLabelEditManager.m in Sources */ = {isa = PBXBuildFile; fileRef = FD22A99E237CE0E8003E2C74 /* EWCLabelEditManager.m */; };
		FD22A9A2237CE767003E2C74 /* EWCCopyableLabel.m in Sources */ = {isa = PBXBuildFile; fileRef = FD22A9A1237CE767003E2C74 /* EWCCopyableLabel.m */; };
		FD22A9A7237D1158003E2C74 /* Assets.xcassets in Resources */ = {isa = PBXBuildFile; fileRef = FD22A9A6237D1158003E2C74 /* Assets.xcassets */; };
		FD22A9D4237D1BBE003E2C74 /* icon167.png in Resources */ = {isa = PBXBuildFile; fileRef = FD22A9C6237D1BBE003E2C74 /* icon167.png */; };
		FD22A9D5237D1BBE003E2C74 /* icon29.png in Resources */ = {isa = PBXBuildFile; fileRef = FD22A9C7237D1BBE003E2C74 /* icon29.png */; };
		FD22A9D6237D1BBE003E2C74 /* icon1024.png in Resources */ = {isa = PBXBuildFile; fileRef = FD22A9C8237D1BBE003E2C74 /* icon1024.png */; };
		FD22A9D7237D1BBE003E2C74 /* icon60.png in Resources */ = {isa = PBXBuildFile; fileRef = FD22A9C9237D1BBE003E2C74 /* icon60.png */; };
		FD22A9D8237D1BBE003E2C74 /* icon76.png in Resources */ = {isa = PBXBuildFile; fileRef = FD22A9CA237D1BBE003E2C74 /* icon76.png */; };
		FD22A9D9237D1BBE003E2C74 /* icon.svg in Resources */ = {isa = PBXBuildFile; fileRef = FD22A9CB237D1BBE003E2C74 /* icon.svg */; };
		FD22A9DA237D1BBE003E2C74 /* icon58.png in Resources */ = {isa = PBXBuildFile; fileRef = FD22A9CC237D1BBE003E2C74 /* icon58.png */; };
		FD22A9DB237D1BBE003E2C74 /* icon40.png in Resources */ = {isa = PBXBuildFile; fileRef = FD22A9CD237D1BBE003E2C74 /* icon40.png */; };
		FD22A9DC237D1BBE003E2C74 /* icon80.png in Resources */ = {isa = PBXBuildFile; fileRef = FD22A9CE237D1BBE003E2C74 /* icon80.png */; };
		FD22A9DD237D1BBE003E2C74 /* icon87.png in Resources */ = {isa = PBXBuildFile; fileRef = FD22A9CF237D1BBE003E2C74 /* icon87.png */; };
		FD22A9DE237D1BBE003E2C74 /* icon120.png in Resources */ = {isa = PBXBuildFile; fileRef = FD22A9D0237D1BBE003E2C74 /* icon120.png */; };
		FD22A9DF237D1BBE003E2C74 /* icon152.png in Resources */ = {isa = PBXBuildFile; fileRef = FD22A9D1237D1BBE003E2C74 /* icon152.png */; };
		FD22A9E0237D1BBE003E2C74 /* icon20.png in Resources */ = {isa = PBXBuildFile; fileRef = FD22A9D2237D1BBE003E2C74 /* icon20.png */; };
		FD22A9E1237D1BBE003E2C74 /* icon180.png in Resources */ = {isa = PBXBuildFile; fileRef = FD22A9D3237D1BBE003E2C74 /* icon180.png */; };
		FD5F2D902385CDBE0045B1AD /* EWCGridLayoutProps.m in Sources */ = {isa = PBXBuildFile; fileRef = FD5F2D8F2385CDBE0045B1AD /* EWCGridLayoutProps.m */; };
		FD5F2D922385D00A0045B1AD /* EWCGridCustomLayoutCallback.m in Sources */ = {isa = PBXBuildFile; fileRef = FD5F2D912385D00A0045B1AD /* EWCGridCustomLayoutCallback.m */; };
		FD5F2D952388C5E70045B1AD /* EWCTokenQueue.m in Sources */ = {isa = PBXBuildFile; fileRef = FD5F2D942388C5E70045B1AD /* EWCTokenQueue.m */; };
		FD5F2D98238B21270045B1AD /* EWCDecimalInputBuilder.m in Sources */ = {isa = PBXBuildFile; fileRef = FD5F2D97238B21270045B1AD /* EWCDecimalInputBuilder.m */; };
		FD5F2D9D238E02FF0045B1AD /* Settings.bundle in Resources */ = {isa = PBXBuildFile; fileRef = FD5F2D9C238E02FF0045B1AD /* Settings.bundle */; };
		FD5F2E2223905B1A0045B1AD /* EWCKeyCommandCalculatorRecord.m in Sources */ = {isa = PBXBuildFile; fileRef = FD5F2E2123905B1A0045B1AD /* EWCKeyCommandCalculatorRecord.m */; };
		FD5F2E3A2391D5F40045B1AD /* key_press_modifier.wav in Resources */ = {isa = PBXBuildFile; fileRef = FD5F2E372391D5F30045B1AD /* key_press_modifier.wav */; };
		FD5F2E3B2391D5F40045B1AD /* key_press_click.wav in Resources */ = {isa = PBXBuildFile; fileRef = FD5F2E382391D5F40045B1AD /* key_press_click.wav */; };
		FD5F2E3C2391D5F40045B1AD /* key_press_delete.wav in Resources */ = {isa = PBXBuildFile; fileRef = FD5F2E392391D5F40045B1AD /* key_press_delete.wav */; };
		FDBA3EB6236CC30200780234 /* AppDelegate.m in Sources */ = {isa = PBXBuildFile; fileRef = FDBA3EB5236CC30200780234 /* AppDelegate.m */; };
		FDBA3EB9236CC30200780234 /* SceneDelegate.m in Sources */ = {isa = PBXBuildFile; fileRef = FDBA3EB8236CC30200780234 /* SceneDelegate.m */; };
		FDBA3EBC236CC30200780234 /* ViewController.m in Sources */ = {isa = PBXBuildFile; fileRef = FDBA3EBB236CC30200780234 /* ViewController.m */; };
		FDBA3EBF236CC30200780234 /* Main.storyboard in Resources */ = {isa = PBXBuildFile; fileRef = FDBA3EBD236CC30200780234 /* Main.storyboard */; };
		FDBA3EC4236CC30500780234 /* LaunchScreen.storyboard in Resources */ = {isa = PBXBuildFile; fileRef = FDBA3EC2236CC30500780234 /* LaunchScreen.storyboard */; };
		FDBA3EC7236CC30500780234 /* main.m in Sources */ = {isa = PBXBuildFile; fileRef = FDBA3EC6236CC30500780234 /* main.m */; };
		FDBA3EF1236CC36100780234 /* EWCGridLayoutView.m in Sources */ = {isa = PBXBuildFile; fileRef = FDBA3EED236CC36100780234 /* EWCGridLayoutView.m */; };
		FDBA3EF2236CC36100780234 /* EWCCalculator.m in Sources */ = {isa = PBXBuildFile; fileRef = FDBA3EEE236CC36100780234 /* EWCCalculator.m */; };
		FDBA3EF4236CC3CF00780234 /* EWCCalculatorTests.m in Sources */ = {isa = PBXBuildFile; fileRef = FDBA3EF3236CC3CF00780234 /* EWCCalculatorTests.m */; };
		FDC1A4C7236F8FED00D21FEB /* NSDecimalNumber+EWCMathCategory.m in Sources */ = {isa = PBXBuildFile; fileRef = FDC1A4C6236F8FED00D21FEB /* NSDecimalNumber+EWCMathCategory.m */; };
		FDC1A4C9236FA9DD00D21FEB /* EWCMathTests.m in Sources */ = {isa = PBXBuildFile; fileRef = FDC1A4C8236FA9DD00D21FEB /* EWCMathTests.m */; };
		FDC1A4CF2371349B00D21FEB /* EWCNumericField.m in Sources */ = {isa = PBXBuildFile; fileRef = FDC1A4CE2371349B00D21FEB /* EWCNumericField.m */; };
		FDC1A4D22372470600D21FEB /* EWCCalculatorToken.m in Sources */ = {isa = PBXBuildFile; fileRef = FDC1A4D12372470600D21FEB /* EWCCalculatorToken.m */; };
		FDC1A4D52372495B00D21FEB /* EWCCalculatorOpcode.h in Sources */ = {isa = PBXBuildFile; fileRef = FDC1A4D42372495B00D21FEB /* EWCCalculatorOpcode.h */; };
		FDC1A4D723726C4D00D21FEB /* EWCCalculatorKey.m in Sources */ = {isa = PBXBuildFile; fileRef = FDC1A4D623726C4D00D21FEB /* EWCCalculatorKey.m */; };
		FDC1A4D923726CF200D21FEB /* EWCCalculatorOpcode.m in Sources */ = {isa = PBXBuildFile; fileRef = FDC1A4D823726CF200D21FEB /* EWCCalculatorOpcode.m */; };
		FDC1A4F92376817B00D21FEB /* EWCCalculatorUserDefaultsData.m in Sources */ = {isa = PBXBuildFile; fileRef = FDC1A4F82376817B00D21FEB /* EWCCalculatorUserDefaultsData.m */; };
		FDC1A4FC237758C400D21FEB /* Localizable.strings in Resources */ = {isa = PBXBuildFile; fileRef = FDC1A4FE237758C400D21FEB /* Localizable.strings */; };
		FDC1A501237784A200D21FEB /* EWCRoundedCornerButton.m in Sources */ = {isa = PBXBuildFile; fileRef = FDC1A500237784A200D21FEB /* EWCRoundedCornerButton.m */; };
/* End PBXBuildFile section */

/* Begin PBXContainerItemProxy section */
		FDBA3ECD236CC30500780234 /* PBXContainerItemProxy */ = {
			isa = PBXContainerItemProxy;
			containerPortal = FDBA3EA9236CC30200780234 /* Project object */;
			proxyType = 1;
			remoteGlobalIDString = FDBA3EB0236CC30200780234;
			remoteInfo = EbbyCalc;
		};
/* End PBXContainerItemProxy section */

/* Begin PBXFileReference section */
		FD22A99D237CE0E8003E2C74 /* EWCLabelEditManager.h */ = {isa = PBXFileReference; lastKnownFileType = sourcecode.c.h; path = EWCLabelEditManager.h; sourceTree = "<group>"; };
		FD22A99E237CE0E8003E2C74 /* EWCLabelEditManager.m */ = {isa = PBXFileReference; lastKnownFileType = sourcecode.c.objc; path = EWCLabelEditManager.m; sourceTree = "<group>"; };
		FD22A9A0237CE767003E2C74 /* EWCCopyableLabel.h */ = {isa = PBXFileReference; lastKnownFileType = sourcecode.c.h; path = EWCCopyableLabel.h; sourceTree = "<group>"; };
		FD22A9A1237CE767003E2C74 /* EWCCopyableLabel.m */ = {isa = PBXFileReference; lastKnownFileType = sourcecode.c.objc; path = EWCCopyableLabel.m; sourceTree = "<group>"; };
		FD22A9A3237D0304003E2C74 /* EWCEditDelegate.h */ = {isa = PBXFileReference; lastKnownFileType = sourcecode.c.h; path = EWCEditDelegate.h; sourceTree = "<group>"; };
		FD22A9A6237D1158003E2C74 /* Assets.xcassets */ = {isa = PBXFileReference; lastKnownFileType = folder.assetcatalog; path = Assets.xcassets; sourceTree = "<group>"; };
		FD22A9C6237D1BBE003E2C74 /* icon167.png */ = {isa = PBXFileReference; lastKnownFileType = image.png; path = icon167.png; sourceTree = "<group>"; };
		FD22A9C7237D1BBE003E2C74 /* icon29.png */ = {isa = PBXFileReference; lastKnownFileType = image.png; path = icon29.png; sourceTree = "<group>"; };
		FD22A9C8237D1BBE003E2C74 /* icon1024.png */ = {isa = PBXFileReference; lastKnownFileType = image.png; path = icon1024.png; sourceTree = "<group>"; };
		FD22A9C9237D1BBE003E2C74 /* icon60.png */ = {isa = PBXFileReference; lastKnownFileType = image.png; path = icon60.png; sourceTree = "<group>"; };
		FD22A9CA237D1BBE003E2C74 /* icon76.png */ = {isa = PBXFileReference; lastKnownFileType = image.png; path = icon76.png; sourceTree = "<group>"; };
		FD22A9CB237D1BBE003E2C74 /* icon.svg */ = {isa = PBXFileReference; fileEncoding = 4; lastKnownFileType = text.xml; path = icon.svg; sourceTree = "<group>"; };
		FD22A9CC237D1BBE003E2C74 /* icon58.png */ = {isa = PBXFileReference; lastKnownFileType = image.png; path = icon58.png; sourceTree = "<group>"; };
		FD22A9CD237D1BBE003E2C74 /* icon40.png */ = {isa = PBXFileReference; lastKnownFileType = image.png; path = icon40.png; sourceTree = "<group>"; };
		FD22A9CE237D1BBE003E2C74 /* icon80.png */ = {isa = PBXFileReference; lastKnownFileType = image.png; path = icon80.png; sourceTree = "<group>"; };
		FD22A9CF237D1BBE003E2C74 /* icon87.png */ = {isa = PBXFileReference; lastKnownFileType = image.png; path = icon87.png; sourceTree = "<group>"; };
		FD22A9D0237D1BBE003E2C74 /* icon120.png */ = {isa = PBXFileReference; lastKnownFileType = image.png; path = icon120.png; sourceTree = "<group>"; };
		FD22A9D1237D1BBE003E2C74 /* icon152.png */ = {isa = PBXFileReference; lastKnownFileType = image.png; path = icon152.png; sourceTree = "<group>"; };
		FD22A9D2237D1BBE003E2C74 /* icon20.png */ = {isa = PBXFileReference; lastKnownFileType = image.png; path = icon20.png; sourceTree = "<group>"; };
		FD22A9D3237D1BBE003E2C74 /* icon180.png */ = {isa = PBXFileReference; lastKnownFileType = image.png; path = icon180.png; sourceTree = "<group>"; };
		FD22A9E2237E14B5003E2C74 /* EbbyCalc.entitlements */ = {isa = PBXFileReference; lastKnownFileType = text.plist.entitlements; path = EbbyCalc.entitlements; sourceTree = "<group>"; };
		FD5F2D8E2385CDBE0045B1AD /* EWCGridLayoutProps.h */ = {isa = PBXFileReference; lastKnownFileType = sourcecode.c.h; path = EWCGridLayoutProps.h; sourceTree = "<group>"; };
		FD5F2D8F2385CDBE0045B1AD /* EWCGridLayoutProps.m */ = {isa = PBXFileReference; lastKnownFileType = sourcecode.c.objc; path = EWCGridLayoutProps.m; sourceTree = "<group>"; };
		FD5F2D912385D00A0045B1AD /* EWCGridCustomLayoutCallback.m */ = {isa = PBXFileReference; lastKnownFileType = sourcecode.c.objc; path = EWCGridCustomLayoutCallback.m; sourceTree = "<group>"; };
		FD5F2D932388C5E70045B1AD /* EWCTokenQueue.h */ = {isa = PBXFileReference; lastKnownFileType = sourcecode.c.h; path = EWCTokenQueue.h; sourceTree = "<group>"; };
		FD5F2D942388C5E70045B1AD /* EWCTokenQueue.m */ = {isa = PBXFileReference; lastKnownFileType = sourcecode.c.objc; path = EWCTokenQueue.m; sourceTree = "<group>"; };
		FD5F2D96238B21270045B1AD /* EWCDecimalInputBuilder.h */ = {isa = PBXFileReference; lastKnownFileType = sourcecode.c.h; path = EWCDecimalInputBuilder.h; sourceTree = "<group>"; };
		FD5F2D97238B21270045B1AD /* EWCDecimalInputBuilder.m */ = {isa = PBXFileReference; lastKnownFileType = sourcecode.c.objc; path = EWCDecimalInputBuilder.m; sourceTree = "<group>"; };
		FD5F2D9C238E02FF0045B1AD /* Settings.bundle */ = {isa = PBXFileReference; lastKnownFileType = "wrapper.plug-in"; path = Settings.bundle; sourceTree = "<group>"; };
		FD5F2E2023905B1A0045B1AD /* EWCKeyCommandCalculatorRecord.h */ = {isa = PBXFileReference; lastKnownFileType = sourcecode.c.h; path = EWCKeyCommandCalculatorRecord.h; sourceTree = "<group>"; };
		FD5F2E2123905B1A0045B1AD /* EWCKeyCommandCalculatorRecord.m */ = {isa = PBXFileReference; lastKnownFileType = sourcecode.c.objc; path = EWCKeyCommandCalculatorRecord.m; sourceTree = "<group>"; };
		FD5F2E372391D5F30045B1AD /* key_press_modifier.wav */ = {isa = PBXFileReference; lastKnownFileType = audio.wav; path = key_press_modifier.wav; sourceTree = "<group>"; };
		FD5F2E382391D5F40045B1AD /* key_press_click.wav */ = {isa = PBXFileReference; lastKnownFileType = audio.wav; path = key_press_click.wav; sourceTree = "<group>"; };
		FD5F2E392391D5F40045B1AD /* key_press_delete.wav */ = {isa = PBXFileReference; lastKnownFileType = audio.wav; path = key_press_delete.wav; sourceTree = "<group>"; };
		FDBA3EB1236CC30200780234 /* EbbyCalc.app */ = {isa = PBXFileReference; explicitFileType = wrapper.application; includeInIndex = 0; path = EbbyCalc.app; sourceTree = BUILT_PRODUCTS_DIR; };
		FDBA3EB4236CC30200780234 /* AppDelegate.h */ = {isa = PBXFileReference; lastKnownFileType = sourcecode.c.h; path = AppDelegate.h; sourceTree = "<group>"; };
		FDBA3EB5236CC30200780234 /* AppDelegate.m */ = {isa = PBXFileReference; lastKnownFileType = sourcecode.c.objc; path = AppDelegate.m; sourceTree = "<group>"; };
		FDBA3EB7236CC30200780234 /* SceneDelegate.h */ = {isa = PBXFileReference; lastKnownFileType = sourcecode.c.h; path = SceneDelegate.h; sourceTree = "<group>"; };
		FDBA3EB8236CC30200780234 /* SceneDelegate.m */ = {isa = PBXFileReference; lastKnownFileType = sourcecode.c.objc; path = SceneDelegate.m; sourceTree = "<group>"; };
		FDBA3EBA236CC30200780234 /* ViewController.h */ = {isa = PBXFileReference; lastKnownFileType = sourcecode.c.h; path = ViewController.h; sourceTree = "<group>"; };
		FDBA3EBB236CC30200780234 /* ViewController.m */ = {isa = PBXFileReference; lastKnownFileType = sourcecode.c.objc; path = ViewController.m; sourceTree = "<group>"; };
		FDBA3EBE236CC30200780234 /* Base */ = {isa = PBXFileReference; lastKnownFileType = file.storyboard; name = Base; path = Base.lproj/Main.storyboard; sourceTree = "<group>"; };
		FDBA3EC3236CC30500780234 /* Base */ = {isa = PBXFileReference; lastKnownFileType = file.storyboard; name = Base; path = Base.lproj/LaunchScreen.storyboard; sourceTree = "<group>"; };
		FDBA3EC5236CC30500780234 /* Info.plist */ = {isa = PBXFileReference; lastKnownFileType = text.plist.xml; path = Info.plist; sourceTree = "<group>"; };
		FDBA3EC6236CC30500780234 /* main.m */ = {isa = PBXFileReference; lastKnownFileType = sourcecode.c.objc; path = main.m; sourceTree = "<group>"; };
		FDBA3ECC236CC30500780234 /* EbbyCalcTests.xctest */ = {isa = PBXFileReference; explicitFileType = wrapper.cfbundle; includeInIndex = 0; path = EbbyCalcTests.xctest; sourceTree = BUILT_PRODUCTS_DIR; };
		FDBA3ED2236CC30500780234 /* Info.plist */ = {isa = PBXFileReference; lastKnownFileType = text.plist.xml; path = Info.plist; sourceTree = "<group>"; };
		FDBA3EEA236CC36000780234 /* EWCGridLayoutView.h */ = {isa = PBXFileReference; fileEncoding = 4; lastKnownFileType = sourcecode.c.h; path = EWCGridLayoutView.h; sourceTree = "<group>"; };
		FDBA3EED236CC36100780234 /* EWCGridLayoutView.m */ = {isa = PBXFileReference; fileEncoding = 4; lastKnownFileType = sourcecode.c.objc; path = EWCGridLayoutView.m; sourceTree = "<group>"; };
		FDBA3EEE236CC36100780234 /* EWCCalculator.m */ = {isa = PBXFileReference; fileEncoding = 4; lastKnownFileType = sourcecode.c.objc; path = EWCCalculator.m; sourceTree = "<group>"; };
		FDBA3EEF236CC36100780234 /* EWCCalculator.h */ = {isa = PBXFileReference; fileEncoding = 4; lastKnownFileType = sourcecode.c.h; path = EWCCalculator.h; sourceTree = "<group>"; };
		FDBA3EF3236CC3CF00780234 /* EWCCalculatorTests.m */ = {isa = PBXFileReference; fileEncoding = 4; lastKnownFileType = sourcecode.c.objc; path = EWCCalculatorTests.m; sourceTree = "<group>"; };
		FDC1A4C5236F8FED00D21FEB /* NSDecimalNumber+EWCMathCategory.h */ = {isa = PBXFileReference; lastKnownFileType = sourcecode.c.h; path = "NSDecimalNumber+EWCMathCategory.h"; sourceTree = "<group>"; };
		FDC1A4C6236F8FED00D21FEB /* NSDecimalNumber+EWCMathCategory.m */ = {isa = PBXFileReference; lastKnownFileType = sourcecode.c.objc; path = "NSDecimalNumber+EWCMathCategory.m"; sourceTree = "<group>"; };
		FDC1A4C8236FA9DD00D21FEB /* EWCMathTests.m */ = {isa = PBXFileReference; lastKnownFileType = sourcecode.c.objc; path = EWCMathTests.m; sourceTree = "<group>"; };
		FDC1A4CD2371349B00D21FEB /* EWCNumericField.h */ = {isa = PBXFileReference; lastKnownFileType = sourcecode.c.h; path = EWCNumericField.h; sourceTree = "<group>"; };
		FDC1A4CE2371349B00D21FEB /* EWCNumericField.m */ = {isa = PBXFileReference; lastKnownFileType = sourcecode.c.objc; path = EWCNumericField.m; sourceTree = "<group>"; };
		FDC1A4D02372470600D21FEB /* EWCCalculatorToken.h */ = {isa = PBXFileReference; lastKnownFileType = sourcecode.c.h; path = EWCCalculatorToken.h; sourceTree = "<group>"; };
		FDC1A4D12372470600D21FEB /* EWCCalculatorToken.m */ = {isa = PBXFileReference; lastKnownFileType = sourcecode.c.objc; path = EWCCalculatorToken.m; sourceTree = "<group>"; };
		FDC1A4D32372476200D21FEB /* EWCCalculatorKey.h */ = {isa = PBXFileReference; lastKnownFileType = sourcecode.c.h; path = EWCCalculatorKey.h; sourceTree = "<group>"; };
		FDC1A4D42372495B00D21FEB /* EWCCalculatorOpcode.h */ = {isa = PBXFileReference; lastKnownFileType = sourcecode.c.h; path = EWCCalculatorOpcode.h; sourceTree = "<group>"; };
		FDC1A4D623726C4D00D21FEB /* EWCCalculatorKey.m */ = {isa = PBXFileReference; lastKnownFileType = sourcecode.c.objc; path = EWCCalculatorKey.m; sourceTree = "<group>"; };
		FDC1A4D823726CF200D21FEB /* EWCCalculatorOpcode.m */ = {isa = PBXFileReference; lastKnownFileType = sourcecode.c.objc; path = EWCCalculatorOpcode.m; sourceTree = "<group>"; };
		FDC1A4F623767FCF00D21FEB /* EWCCalculatorDataProtocol.h */ = {isa = PBXFileReference; lastKnownFileType = sourcecode.c.h; path = EWCCalculatorDataProtocol.h; sourceTree = "<group>"; };
		FDC1A4F72376817B00D21FEB /* EWCCalculatorUserDefaultsData.h */ = {isa = PBXFileReference; lastKnownFileType = sourcecode.c.h; path = EWCCalculatorUserDefaultsData.h; sourceTree = "<group>"; };
		FDC1A4F82376817B00D21FEB /* EWCCalculatorUserDefaultsData.m */ = {isa = PBXFileReference; lastKnownFileType = sourcecode.c.objc; path = EWCCalculatorUserDefaultsData.m; sourceTree = "<group>"; };
		FDC1A4FD237758C400D21FEB /* en */ = {isa = PBXFileReference; lastKnownFileType = text.plist.strings; name = en; path = en.lproj/Localizable.strings; sourceTree = "<group>"; };
		FDC1A4FF237784A200D21FEB /* EWCRoundedCornerButton.h */ = {isa = PBXFileReference; lastKnownFileType = sourcecode.c.h; path = EWCRoundedCornerButton.h; sourceTree = "<group>"; };
		FDC1A500237784A200D21FEB /* EWCRoundedCornerButton.m */ = {isa = PBXFileReference; lastKnownFileType = sourcecode.c.objc; path = EWCRoundedCornerButton.m; sourceTree = "<group>"; };
/* End PBXFileReference section */

/* Begin PBXFrameworksBuildPhase section */
		FDBA3EAE236CC30200780234 /* Frameworks */ = {
			isa = PBXFrameworksBuildPhase;
			buildActionMask = 2147483647;
			files = (
			);
			runOnlyForDeploymentPostprocessing = 0;
		};
		FDBA3EC9236CC30500780234 /* Frameworks */ = {
			isa = PBXFrameworksBuildPhase;
			buildActionMask = 2147483647;
			files = (
			);
			runOnlyForDeploymentPostprocessing = 0;
		};
/* End PBXFrameworksBuildPhase section */

/* Begin PBXGroup section */
		FD22A9C5237D1BBE003E2C74 /* img */ = {
			isa = PBXGroup;
			children = (
				FD22A9CB237D1BBE003E2C74 /* icon.svg */,
				FD22A9D2237D1BBE003E2C74 /* icon20.png */,
				FD22A9C7237D1BBE003E2C74 /* icon29.png */,
				FD22A9CD237D1BBE003E2C74 /* icon40.png */,
				FD22A9CC237D1BBE003E2C74 /* icon58.png */,
				FD22A9C9237D1BBE003E2C74 /* icon60.png */,
				FD22A9CA237D1BBE003E2C74 /* icon76.png */,
				FD22A9CE237D1BBE003E2C74 /* icon80.png */,
				FD22A9CF237D1BBE003E2C74 /* icon87.png */,
				FD22A9D0237D1BBE003E2C74 /* icon120.png */,
				FD22A9D1237D1BBE003E2C74 /* icon152.png */,
				FD22A9C6237D1BBE003E2C74 /* icon167.png */,
				FD22A9D3237D1BBE003E2C74 /* icon180.png */,
				FD22A9C8237D1BBE003E2C74 /* icon1024.png */,
			);
			path = img;
			sourceTree = "<group>";
		};
		FD5F2E302391D4C70045B1AD /* audio */ = {
			isa = PBXGroup;
			children = (
				FD5F2E382391D5F40045B1AD /* key_press_click.wav */,
				FD5F2E392391D5F40045B1AD /* key_press_delete.wav */,
				FD5F2E372391D5F30045B1AD /* key_press_modifier.wav */,
			);
			path = audio;
			sourceTree = "<group>";
		};
		FDBA3EA8236CC30200780234 = {
			isa = PBXGroup;
			children = (
				FDBA3EB3236CC30200780234 /* EbbyCalc */,
				FDBA3ECF236CC30500780234 /* EbbyCalcTests */,
				FDBA3EB2236CC30200780234 /* Products */,
			);
			sourceTree = "<group>";
		};
		FDBA3EB2236CC30200780234 /* Products */ = {
			isa = PBXGroup;
			children = (
				FDBA3EB1236CC30200780234 /* EbbyCalc.app */,
				FDBA3ECC236CC30500780234 /* EbbyCalcTests.xctest */,
			);
			name = Products;
			sourceTree = "<group>";
		};
		FDBA3EB3236CC30200780234 /* EbbyCalc */ = {
			isa = PBXGroup;
			children = (
				FD22A9E2237E14B5003E2C74 /* EbbyCalc.entitlements */,
				FDC1A4CA2370C14500D21FEB /* Resources */,
				FDC1A50223778A4A00D21FEB /* Controls */,
				FDC1A50323778A8300D21FEB /* Calculator */,
				FDC1A50423778AD500D21FEB /* Extensions */,
				FDC1A4F72376817B00D21FEB /* EWCCalculatorUserDefaultsData.h */,
				FDC1A4F82376817B00D21FEB /* EWCCalculatorUserDefaultsData.m */,
				FD5F2E2023905B1A0045B1AD /* EWCKeyCommandCalculatorRecord.h */,
				FD5F2E2123905B1A0045B1AD /* EWCKeyCommandCalculatorRecord.m */,
				FDBA3EB4236CC30200780234 /* AppDelegate.h */,
				FDBA3EB5236CC30200780234 /* AppDelegate.m */,
				FDBA3EB7236CC30200780234 /* SceneDelegate.h */,
				FDBA3EB8236CC30200780234 /* SceneDelegate.m */,
				FDBA3EBA236CC30200780234 /* ViewController.h */,
				FDBA3EBB236CC30200780234 /* ViewController.m */,
				FDBA3EBD236CC30200780234 /* Main.storyboard */,
				FDBA3EC2236CC30500780234 /* LaunchScreen.storyboard */,
				FDBA3EC5236CC30500780234 /* Info.plist */,
				FDBA3EC6236CC30500780234 /* main.m */,
			);
			path = EbbyCalc;
			sourceTree = "<group>";
		};
		FDBA3ECF236CC30500780234 /* EbbyCalcTests */ = {
			isa = PBXGroup;
			children = (
				FDBA3EF3236CC3CF00780234 /* EWCCalculatorTests.m */,
				FDBA3ED2236CC30500780234 /* Info.plist */,
				FDC1A4C8236FA9DD00D21FEB /* EWCMathTests.m */,
			);
			path = EbbyCalcTests;
			sourceTree = "<group>";
		};
		FDC1A4CA2370C14500D21FEB /* Resources */ = {
			isa = PBXGroup;
			children = (
				FD5F2E302391D4C70045B1AD /* audio */,
				FD22A9C5237D1BBE003E2C74 /* img */,
				FDC1A4FE237758C400D21FEB /* Localizable.strings */,
				FD22A9A6237D1158003E2C74 /* Assets.xcassets */,
				FD5F2D9C238E02FF0045B1AD /* Settings.bundle */,
			);
			path = Resources;
			sourceTree = "<group>";
		};
		FDC1A50223778A4A00D21FEB /* Controls */ = {
			isa = PBXGroup;
			children = (
				FDBA3EEA236CC36000780234 /* EWCGridLayoutView.h */,
				FDBA3EED236CC36100780234 /* EWCGridLayoutView.m */,
				FDC1A4FF237784A200D21FEB /* EWCRoundedCornerButton.h */,
				FDC1A500237784A200D21FEB /* EWCRoundedCornerButton.m */,
				FD22A99D237CE0E8003E2C74 /* EWCLabelEditManager.h */,
				FD22A99E237CE0E8003E2C74 /* EWCLabelEditManager.m */,
				FD22A9A0237CE767003E2C74 /* EWCCopyableLabel.h */,
				FD22A9A1237CE767003E2C74 /* EWCCopyableLabel.m */,
				FD22A9A3237D0304003E2C74 /* EWCEditDelegate.h */,
				FD5F2D8E2385CDBE0045B1AD /* EWCGridLayoutProps.h */,
				FD5F2D8F2385CDBE0045B1AD /* EWCGridLayoutProps.m */,
				FD5F2D912385D00A0045B1AD /* EWCGridCustomLayoutCallback.m */,
			);
			name = Controls;
			sourceTree = "<group>";
		};
		FDC1A50323778A8300D21FEB /* Calculator */ = {
			isa = PBXGroup;
			children = (
				FDBA3EEF236CC36100780234 /* EWCCalculator.h */,
				FDBA3EEE236CC36100780234 /* EWCCalculator.m */,
				FDC1A4CD2371349B00D21FEB /* EWCNumericField.h */,
				FDC1A4CE2371349B00D21FEB /* EWCNumericField.m */,
				FDC1A4D02372470600D21FEB /* EWCCalculatorToken.h */,
				FDC1A4D12372470600D21FEB /* EWCCalculatorToken.m */,
				FDC1A4D32372476200D21FEB /* EWCCalculatorKey.h */,
				FDC1A4D623726C4D00D21FEB /* EWCCalculatorKey.m */,
				FDC1A4D42372495B00D21FEB /* EWCCalculatorOpcode.h */,
				FDC1A4D823726CF200D21FEB /* EWCCalculatorOpcode.m */,
				FDC1A4F623767FCF00D21FEB /* EWCCalculatorDataProtocol.h */,
				FD5F2D932388C5E70045B1AD /* EWCTokenQueue.h */,
				FD5F2D942388C5E70045B1AD /* EWCTokenQueue.m */,
				FD5F2D96238B21270045B1AD /* EWCDecimalInputBuilder.h */,
				FD5F2D97238B21270045B1AD /* EWCDecimalInputBuilder.m */,
			);
			name = Calculator;
			sourceTree = "<group>";
		};
		FDC1A50423778AD500D21FEB /* Extensions */ = {
			isa = PBXGroup;
			children = (
				FDC1A4C5236F8FED00D21FEB /* NSDecimalNumber+EWCMathCategory.h */,
				FDC1A4C6236F8FED00D21FEB /* NSDecimalNumber+EWCMathCategory.m */,
			);
			name = Extensions;
			sourceTree = "<group>";
		};
/* End PBXGroup section */

/* Begin PBXNativeTarget section */
		FDBA3EB0236CC30200780234 /* EbbyCalc */ = {
			isa = PBXNativeTarget;
			buildConfigurationList = FDBA3EE0236CC30500780234 /* Build configuration list for PBXNativeTarget "EbbyCalc" */;
			buildPhases = (
				FDBA3EAD236CC30200780234 /* Sources */,
				FDBA3EAE236CC30200780234 /* Frameworks */,
				FDBA3EAF236CC30200780234 /* Resources */,
			);
			buildRules = (
			);
			dependencies = (
			);
			name = EbbyCalc;
			productName = EbbyCalc;
			productReference = FDBA3EB1236CC30200780234 /* EbbyCalc.app */;
			productType = "com.apple.product-type.application";
		};
		FDBA3ECB236CC30500780234 /* EbbyCalcTests */ = {
			isa = PBXNativeTarget;
			buildConfigurationList = FDBA3EE3236CC30500780234 /* Build configuration list for PBXNativeTarget "EbbyCalcTests" */;
			buildPhases = (
				FDBA3EC8236CC30500780234 /* Sources */,
				FDBA3EC9236CC30500780234 /* Frameworks */,
				FDBA3ECA236CC30500780234 /* Resources */,
			);
			buildRules = (
			);
			dependencies = (
				FDBA3ECE236CC30500780234 /* PBXTargetDependency */,
			);
			name = EbbyCalcTests;
			productName = EbbyCalcTests;
			productReference = FDBA3ECC236CC30500780234 /* EbbyCalcTests.xctest */;
			productType = "com.apple.product-type.bundle.unit-test";
		};
/* End PBXNativeTarget section */

/* Begin PBXProject section */
		FDBA3EA9236CC30200780234 /* Project object */ = {
			isa = PBXProject;
			attributes = {
				LastUpgradeCheck = 1230;
				ORGANIZATIONNAME = "Ansel Rognlie";
				TargetAttributes = {
					FDBA3EB0236CC30200780234 = {
						CreatedOnToolsVersion = 11.2;
					};
					FDBA3ECB236CC30500780234 = {
						CreatedOnToolsVersion = 11.2;
						TestTargetID = FDBA3EB0236CC30200780234;
					};
				};
			};
			buildConfigurationList = FDBA3EAC236CC30200780234 /* Build configuration list for PBXProject "EbbyCalc" */;
			compatibilityVersion = "Xcode 9.3";
			developmentRegion = en;
			hasScannedForEncodings = 0;
			knownRegions = (
				en,
				Base,
			);
			mainGroup = FDBA3EA8236CC30200780234;
			productRefGroup = FDBA3EB2236CC30200780234 /* Products */;
			projectDirPath = "";
			projectRoot = "";
			targets = (
				FDBA3EB0236CC30200780234 /* EbbyCalc */,
				FDBA3ECB236CC30500780234 /* EbbyCalcTests */,
			);
		};
/* End PBXProject section */

/* Begin PBXResourcesBuildPhase section */
		FDBA3EAF236CC30200780234 /* Resources */ = {
			isa = PBXResourcesBuildPhase;
			buildActionMask = 2147483647;
			files = (
				FD22A9DC237D1BBE003E2C74 /* icon80.png in Resources */,
				FD5F2D9D238E02FF0045B1AD /* Settings.bundle in Resources */,
				FD22A9D7237D1BBE003E2C74 /* icon60.png in Resources */,
				FD22A9D5237D1BBE003E2C74 /* icon29.png in Resources */,
				FD22A9A7237D1158003E2C74 /* Assets.xcassets in Resources */,
				FD5F2E3B2391D5F40045B1AD /* key_press_click.wav in Resources */,
				FD5F2E3A2391D5F40045B1AD /* key_press_modifier.wav in Resources */,
				FD22A9DD237D1BBE003E2C74 /* icon87.png in Resources */,
				FD22A9DA237D1BBE003E2C74 /* icon58.png in Resources */,
				FD5F2E3C2391D5F40045B1AD /* key_press_delete.wav in Resources */,
				FDC1A4FC237758C400D21FEB /* Localizable.strings in Resources */,
				FDBA3EC4236CC30500780234 /* LaunchScreen.storyboard in Resources */,
				FD22A9E0237D1BBE003E2C74 /* icon20.png in Resources */,
				FD22A9DB237D1BBE003E2C74 /* icon40.png in Resources */,
				FD22A9DE237D1BBE003E2C74 /* icon120.png in Resources */,
				FDBA3EBF236CC30200780234 /* Main.storyboard in Resources */,
				FD22A9D9237D1BBE003E2C74 /* icon.svg in Resources */,
				FD22A9D4237D1BBE003E2C74 /* icon167.png in Resources */,
				FD22A9DF237D1BBE003E2C74 /* icon152.png in Resources */,
				FD22A9D6237D1BBE003E2C74 /* icon1024.png in Resources */,
				FD22A9E1237D1BBE003E2C74 /* icon180.png in Resources */,
				FD22A9D8237D1BBE003E2C74 /* icon76.png in Resources */,
			);
			runOnlyForDeploymentPostprocessing = 0;
		};
		FDBA3ECA236CC30500780234 /* Resources */ = {
			isa = PBXResourcesBuildPhase;
			buildActionMask = 2147483647;
			files = (
			);
			runOnlyForDeploymentPostprocessing = 0;
		};
/* End PBXResourcesBuildPhase section */

/* Begin PBXSourcesBuildPhase section */
		FDBA3EAD236CC30200780234 /* Sources */ = {
			isa = PBXSourcesBuildPhase;
			buildActionMask = 2147483647;
			files = (
				FDBA3EF1236CC36100780234 /* EWCGridLayoutView.m in Sources */,
				FDC1A4D22372470600D21FEB /* EWCCalculatorToken.m in Sources */,
				FD5F2D902385CDBE0045B1AD /* EWCGridLayoutProps.m in Sources */,
				FDBA3EBC236CC30200780234 /* ViewController.m in Sources */,
				FD5F2D98238B21270045B1AD /* EWCDecimalInputBuilder.m in Sources */,
				FD22A9A2237CE767003E2C74 /* EWCCopyableLabel.m in Sources */,
				FDC1A4CF2371349B00D21FEB /* EWCNumericField.m in Sources */,
				FDBA3EB6236CC30200780234 /* AppDelegate.m in Sources */,
				FDC1A4F92376817B00D21FEB /* EWCCalculatorUserDefaultsData.m in Sources */,
				FDC1A501237784A200D21FEB /* EWCRoundedCornerButton.m in Sources */,
				FD5F2D952388C5E70045B1AD /* EWCTokenQueue.m in Sources */,
				FDBA3EC7236CC30500780234 /* main.m in Sources */,
				FDC1A4C7236F8FED00D21FEB /* NSDecimalNumber+EWCMathCategory.m in Sources */,
				FDBA3EB9236CC30200780234 /* SceneDelegate.m in Sources */,
				FDC1A4D923726CF200D21FEB /* EWCCalculatorOpcode.m in Sources */,
				FD22A99F237CE0E9003E2C74 /* EWCLabelEditManager.m in Sources */,
				FD5F2D922385D00A0045B1AD /* EWCGridCustomLayoutCallback.m in Sources */,
				FDC1A4D52372495B00D21FEB /* EWCCalculatorOpcode.h in Sources */,
				FD5F2E2223905B1A0045B1AD /* EWCKeyCommandCalculatorRecord.m in Sources */,
				FDBA3EF2236CC36100780234 /* EWCCalculator.m in Sources */,
				FDC1A4D723726C4D00D21FEB /* EWCCalculatorKey.m in Sources */,
			);
			runOnlyForDeploymentPostprocessing = 0;
		};
		FDBA3EC8236CC30500780234 /* Sources */ = {
			isa = PBXSourcesBuildPhase;
			buildActionMask = 2147483647;
			files = (
				FDBA3EF4236CC3CF00780234 /* EWCCalculatorTests.m in Sources */,
				FDC1A4C9236FA9DD00D21FEB /* EWCMathTests.m in Sources */,
			);
			runOnlyForDeploymentPostprocessing = 0;
		};
/* End PBXSourcesBuildPhase section */

/* Begin PBXTargetDependency section */
		FDBA3ECE236CC30500780234 /* PBXTargetDependency */ = {
			isa = PBXTargetDependency;
			target = FDBA3EB0236CC30200780234 /* EbbyCalc */;
			targetProxy = FDBA3ECD236CC30500780234 /* PBXContainerItemProxy */;
		};
/* End PBXTargetDependency section */

/* Begin PBXVariantGroup section */
		FDBA3EBD236CC30200780234 /* Main.storyboard */ = {
			isa = PBXVariantGroup;
			children = (
				FDBA3EBE236CC30200780234 /* Base */,
			);
			name = Main.storyboard;
			sourceTree = "<group>";
		};
		FDBA3EC2236CC30500780234 /* LaunchScreen.storyboard */ = {
			isa = PBXVariantGroup;
			children = (
				FDBA3EC3236CC30500780234 /* Base */,
			);
			name = LaunchScreen.storyboard;
			sourceTree = "<group>";
		};
		FDC1A4FE237758C400D21FEB /* Localizable.strings */ = {
			isa = PBXVariantGroup;
			children = (
				FDC1A4FD237758C400D21FEB /* en */,
			);
			name = Localizable.strings;
			sourceTree = "<group>";
		};
/* End PBXVariantGroup section */

/* Begin XCBuildConfiguration section */
		FDBA3EDE236CC30500780234 /* Debug */ = {
			isa = XCBuildConfiguration;
			buildSettings = {
				ALWAYS_SEARCH_USER_PATHS = NO;
				CLANG_ANALYZER_LOCALIZABILITY_NONLOCALIZED = YES;
				CLANG_ANALYZER_NONNULL = YES;
				CLANG_ANALYZER_NUMBER_OBJECT_CONVERSION = YES_AGGRESSIVE;
				CLANG_CXX_LANGUAGE_STANDARD = "gnu++14";
				CLANG_CXX_LIBRARY = "libc++";
				CLANG_ENABLE_MODULES = YES;
				CLANG_ENABLE_OBJC_ARC = YES;
				CLANG_ENABLE_OBJC_WEAK = YES;
				CLANG_WARN_BLOCK_CAPTURE_AUTORELEASING = YES;
				CLANG_WARN_BOOL_CONVERSION = YES;
				CLANG_WARN_COMMA = YES;
				CLANG_WARN_CONSTANT_CONVERSION = YES;
				CLANG_WARN_DEPRECATED_OBJC_IMPLEMENTATIONS = YES;
				CLANG_WARN_DIRECT_OBJC_ISA_USAGE = YES_ERROR;
				CLANG_WARN_DOCUMENTATION_COMMENTS = YES;
				CLANG_WARN_EMPTY_BODY = YES;
				CLANG_WARN_ENUM_CONVERSION = YES;
				CLANG_WARN_INFINITE_RECURSION = YES;
				CLANG_WARN_INT_CONVERSION = YES;
				CLANG_WARN_NON_LITERAL_NULL_CONVERSION = YES;
				CLANG_WARN_OBJC_IMPLICIT_RETAIN_SELF = YES;
				CLANG_WARN_OBJC_LITERAL_CONVERSION = YES;
				CLANG_WARN_OBJC_ROOT_CLASS = YES_ERROR;
				CLANG_WARN_QUOTED_INCLUDE_IN_FRAMEWORK_HEADER = YES;
				CLANG_WARN_RANGE_LOOP_ANALYSIS = YES;
				CLANG_WARN_STRICT_PROTOTYPES = YES;
				CLANG_WARN_SUSPICIOUS_MOVE = YES;
				CLANG_WARN_UNGUARDED_AVAILABILITY = YES_AGGRESSIVE;
				CLANG_WARN_UNREACHABLE_CODE = YES;
				CLANG_WARN__DUPLICATE_METHOD_MATCH = YES;
				COPY_PHASE_STRIP = NO;
				DEBUG_INFORMATION_FORMAT = dwarf;
				ENABLE_STRICT_OBJC_MSGSEND = YES;
				ENABLE_TESTABILITY = YES;
				GCC_C_LANGUAGE_STANDARD = gnu11;
				GCC_DYNAMIC_NO_PIC = NO;
				GCC_NO_COMMON_BLOCKS = YES;
				GCC_OPTIMIZATION_LEVEL = 0;
				GCC_PREPROCESSOR_DEFINITIONS = (
					"DEBUG=1",
					"$(inherited)",
				);
				GCC_WARN_64_TO_32_BIT_CONVERSION = YES;
				GCC_WARN_ABOUT_RETURN_TYPE = YES_ERROR;
				GCC_WARN_UNDECLARED_SELECTOR = YES;
				GCC_WARN_UNINITIALIZED_AUTOS = YES_AGGRESSIVE;
				GCC_WARN_UNUSED_FUNCTION = YES;
				GCC_WARN_UNUSED_VARIABLE = YES;
				IPHONEOS_DEPLOYMENT_TARGET = 13.0;
				MTL_ENABLE_DEBUG_INFO = INCLUDE_SOURCE;
				MTL_FAST_MATH = YES;
				ONLY_ACTIVE_ARCH = YES;
				SDKROOT = iphoneos;
			};
			name = Debug;
		};
		FDBA3EDF236CC30500780234 /* Release */ = {
			isa = XCBuildConfiguration;
			buildSettings = {
				ALWAYS_SEARCH_USER_PATHS = NO;
				CLANG_ANALYZER_LOCALIZABILITY_NONLOCALIZED = YES;
				CLANG_ANALYZER_NONNULL = YES;
				CLANG_ANALYZER_NUMBER_OBJECT_CONVERSION = YES_AGGRESSIVE;
				CLANG_CXX_LANGUAGE_STANDARD = "gnu++14";
				CLANG_CXX_LIBRARY = "libc++";
				CLANG_ENABLE_MODULES = YES;
				CLANG_ENABLE_OBJC_ARC = YES;
				CLANG_ENABLE_OBJC_WEAK = YES;
				CLANG_WARN_BLOCK_CAPTURE_AUTORELEASING = YES;
				CLANG_WARN_BOOL_CONVERSION = YES;
				CLANG_WARN_COMMA = YES;
				CLANG_WARN_CONSTANT_CONVERSION = YES;
				CLANG_WARN_DEPRECATED_OBJC_IMPLEMENTATIONS = YES;
				CLANG_WARN_DIRECT_OBJC_ISA_USAGE = YES_ERROR;
				CLANG_WARN_DOCUMENTATION_COMMENTS = YES;
				CLANG_WARN_EMPTY_BODY = YES;
				CLANG_WARN_ENUM_CONVERSION = YES;
				CLANG_WARN_INFINITE_RECURSION = YES;
				CLANG_WARN_INT_CONVERSION = YES;
				CLANG_WARN_NON_LITERAL_NULL_CONVERSION = YES;
				CLANG_WARN_OBJC_IMPLICIT_RETAIN_SELF = YES;
				CLANG_WARN_OBJC_LITERAL_CONVERSION = YES;
				CLANG_WARN_OBJC_ROOT_CLASS = YES_ERROR;
				CLANG_WARN_QUOTED_INCLUDE_IN_FRAMEWORK_HEADER = YES;
				CLANG_WARN_RANGE_LOOP_ANALYSIS = YES;
				CLANG_WARN_STRICT_PROTOTYPES = YES;
				CLANG_WARN_SUSPICIOUS_MOVE = YES;
				CLANG_WARN_UNGUARDED_AVAILABILITY = YES_AGGRESSIVE;
				CLANG_WARN_UNREACHABLE_CODE = YES;
				CLANG_WARN__DUPLICATE_METHOD_MATCH = YES;
				COPY_PHASE_STRIP = NO;
				DEBUG_INFORMATION_FORMAT = "dwarf-with-dsym";
				ENABLE_NS_ASSERTIONS = NO;
				ENABLE_STRICT_OBJC_MSGSEND = YES;
				GCC_C_LANGUAGE_STANDARD = gnu11;
				GCC_NO_COMMON_BLOCKS = YES;
				GCC_WARN_64_TO_32_BIT_CONVERSION = YES;
				GCC_WARN_ABOUT_RETURN_TYPE = YES_ERROR;
				GCC_WARN_UNDECLARED_SELECTOR = YES;
				GCC_WARN_UNINITIALIZED_AUTOS = YES_AGGRESSIVE;
				GCC_WARN_UNUSED_FUNCTION = YES;
				GCC_WARN_UNUSED_VARIABLE = YES;
				IPHONEOS_DEPLOYMENT_TARGET = 13.0;
				MTL_ENABLE_DEBUG_INFO = NO;
				MTL_FAST_MATH = YES;
				SDKROOT = iphoneos;
				VALIDATE_PRODUCT = YES;
			};
			name = Release;
		};
		FDBA3EE1236CC30500780234 /* Debug */ = {
			isa = XCBuildConfiguration;
			buildSettings = {
				ASSETCATALOG_COMPILER_APPICON_NAME = AppIcon;
				CODE_SIGN_ENTITLEMENTS = EbbyCalc/EbbyCalc.entitlements;
				CODE_SIGN_STYLE = Automatic;
				CURRENT_PROJECT_VERSION = 200;
				DEVELOPMENT_TEAM = RU9C9DUDK9;
				INFOPLIST_FILE = EbbyCalc/Info.plist;
				IPHONEOS_DEPLOYMENT_TARGET = 13.0;
				LD_RUNPATH_SEARCH_PATHS = (
					"$(inherited)",
					"@executable_path/Frameworks",
				);
				MARKETING_VERSION = 1.0.1;
				PRODUCT_BUNDLE_IDENTIFIER = com.ebbyware.EbbyCalc;
				PRODUCT_NAME = EbbyCalc;
				SUPPORTS_MACCATALYST = NO;
				TARGETED_DEVICE_FAMILY = "1,2";
			};
			name = Debug;
		};
		FDBA3EE2236CC30500780234 /* Release */ = {
			isa = XCBuildConfiguration;
			buildSettings = {
				ASSETCATALOG_COMPILER_APPICON_NAME = AppIcon;
				CODE_SIGN_ENTITLEMENTS = EbbyCalc/EbbyCalc.entitlements;
				CODE_SIGN_STYLE = Automatic;
				CURRENT_PROJECT_VERSION = 200;
				DEVELOPMENT_TEAM = RU9C9DUDK9;
				INFOPLIST_FILE = EbbyCalc/Info.plist;
				IPHONEOS_DEPLOYMENT_TARGET = 13.0;
				LD_RUNPATH_SEARCH_PATHS = (
					"$(inherited)",
					"@executable_path/Frameworks",
				);
				MARKETING_VERSION = 1.0.1;
				PRODUCT_BUNDLE_IDENTIFIER = com.ebbyware.EbbyCalc;
				PRODUCT_NAME = EbbyCalc;
				SUPPORTS_MACCATALYST = NO;
				TARGETED_DEVICE_FAMILY = "1,2";
			};
			name = Release;
		};
		FDBA3EE4236CC30500780234 /* Debug */ = {
			isa = XCBuildConfiguration;
			buildSettings = {
				BUNDLE_LOADER = "$(TEST_HOST)";
				CODE_SIGN_STYLE = Automatic;
				DEVELOPMENT_TEAM = RU9C9DUDK9;
				INFOPLIST_FILE = EbbyCalcTests/Info.plist;
				IPHONEOS_DEPLOYMENT_TARGET = 13.2;
				LD_RUNPATH_SEARCH_PATHS = (
					"$(inherited)",
					"@executable_path/Frameworks",
					"@loader_path/Frameworks",
				);
				PRODUCT_BUNDLE_IDENTIFIER = com.ebbyware.EbbyCalcTests;
				PRODUCT_NAME = "$(TARGET_NAME)";
				TARGETED_DEVICE_FAMILY = "1,2";
				TEST_HOST = "$(BUILT_PRODUCTS_DIR)/EbbyCalc.app/EbbyCalc";
			};
			name = Debug;
		};
		FDBA3EE5236CC30500780234 /* Release */ = {
			isa = XCBuildConfiguration;
			buildSettings = {
				BUNDLE_LOADER = "$(TEST_HOST)";
				CODE_SIGN_STYLE = Automatic;
				DEVELOPMENT_TEAM = RU9C9DUDK9;
				INFOPLIST_FILE = EbbyCalcTests/Info.plist;
				IPHONEOS_DEPLOYMENT_TARGET = 13.2;
				LD_RUNPATH_SEARCH_PATHS = (
					"$(inherited)",
					"@executable_path/Frameworks",
					"@loader_path/Frameworks",
				);
				PRODUCT_BUNDLE_IDENTIFIER = com.ebbyware.EbbyCalcTests;
				PRODUCT_NAME = "$(TARGET_NAME)";
				TARGETED_DEVICE_FAMILY = "1,2";
				TEST_HOST = "$(BUILT_PRODUCTS_DIR)/EbbyCalc.app/EbbyCalc";
			};
			name = Release;
		};
/* End XCBuildConfiguration section */

/* Begin XCConfigurationList section */
		FDBA3EAC236CC30200780234 /* Build configuration list for PBXProject "EbbyCalc" */ = {
			isa = XCConfigurationList;
			buildConfigurations = (
				FDBA3EDE236CC30500780234 /* Debug */,
				FDBA3EDF236CC30500780234 /* Release */,
			);
			defaultConfigurationIsVisible = 0;
			defaultConfigurationName = Release;
		};
		FDBA3EE0236CC30500780234 /* Build configuration list for PBXNativeTarget "EbbyCalc" */ = {
			isa = XCConfigurationList;
			buildConfigurations = (
				FDBA3EE1236CC30500780234 /* Debug */,
				FDBA3EE2236CC30500780234 /* Release */,
			);
			defaultConfigurationIsVisible = 0;
			defaultConfigurationName = Release;
		};
		FDBA3EE3236CC30500780234 /* Build configuration list for PBXNativeTarget "EbbyCalcTests" */ = {
			isa = XCConfigurationList;
			buildConfigurations = (
				FDBA3EE4236CC30500780234 /* Debug */,
				FDBA3EE5236CC30500780234 /* Release */,
			);
			defaultConfigurationIsVisible = 0;
			defaultConfigurationName = Release;
		};
/* End XCConfigurationList section */
	};
	rootObject = FDBA3EA9236CC30200780234 /* Project object */;
}
